# This file is automatically @generated by Cargo.
# It is not intended for manual editing.
version = 4

[[package]]
name = "monad-agent"
version = "0.1.0"
dependencies = [
 "monad-core",
]

[[package]]
name = "monad-cli"
version = "0.1.0"
dependencies = [
 "monad-core",
]

[[package]]
name = "monad-config"
version = "0.1.0"
dependencies = [
 "monad-core",
]

[[package]]
name = "monad-context"
version = "0.1.0"
dependencies = [
 "monad-core",
]

[[package]]
name = "monad-core"
version = "0.1.0"

[[package]]
name = "monad-deploy"
version = "0.1.0"
dependencies = [
 "monad-core",
]

[[package]]
name = "monad-marketplace"
version = "0.1.0"
dependencies = [
 "monad-core",
]

[[package]]
name = "monad-memory"
version = "0.1.0"
dependencies = [
 "monad-core",
]

[[package]]
name = "monad-nx-adapter"
version = "0.1.0"
dependencies = [
 "monad-core",
]

[[package]]
name = "monad-plugin"
version = "0.1.0"
dependencies = [
 "monad-core",
]

[[package]]
name = "monad-policy"
version = "0.1.0"
dependencies = [
 "monad-core",
]

[[package]]
name = "monad-template"
version = "0.1.0"
dependencies = [
 "monad-core",
]
